
Microsoft Visual Studio Solution File, Format Version 12.00
# Visual Studio 2013
VisualStudioVersion = 12.0.30723.0
MinimumVisualStudioVersion = 10.0.40219.1
Project("{FAE04EC0-301F-11D3-BF4B-00C04F79EFBC}") = "EGCad", "EGCad\EGCad.csproj", "{EADBB5E9-2DC6-4130-A95E-1863725774F2}"
EndProject
Project("{FAE04EC0-301F-11D3-BF4B-00C04F79EFBC}") = "EGCad.Tests", "EGCad.Tests\EGCad.Tests.csproj", "{BAC1E0A1-9657-47C7-B875-49D0CC245D97}"
EndProject
Project("{FAE04EC0-301F-11D3-BF4B-00C04F79EFBC}") = "EGCad.Common", "EGCad.Common\EGCad.Common.csproj", "{D45404B0-D5D1-4A4E-8DEB-1E3346348227}"
EndProject
Global
	GlobalSection(SolutionConfigurationPlatforms) = preSolution
		Debug|Any CPU = Debug|Any CPU
		Release|Any CPU = Release|Any CPU
	EndGlobalSection
	GlobalSection(ProjectConfigurationPlatforms) = postSolution
		{EADBB5E9-2DC6-4130-A95E-1863725774F2}.Debug|Any CPU.ActiveCfg = Debug|Any CPU
		{EADBB5E9-2DC6-4130-A95E-1863725774F2}.Debug|Any CPU.Build.0 = Debug|Any CPU
		{EADBB5E9-2DC6-4130-A95E-1863725774F2}.Release|Any CPU.ActiveCfg = Release|Any CPU
		{EADBB5E9-2DC6-4130-A95E-1863725774F2}.Release|Any CPU.Build.0 = Release|Any CPU
		{BAC1E0A1-9657-47C7-B875-49D0CC245D97}.Debug|Any CPU.ActiveCfg = Debug|Any CPU
		{BAC1E0A1-9657-47C7-B875-49D0CC245D97}.Debug|Any CPU.Build.0 = Debug|Any CPU
		{BAC1E0A1-9657-47C7-B875-49D0CC245D97}.Release|Any CPU.ActiveCfg = Release|Any CPU
		{BAC1E0A1-9657-47C7-B875-49D0CC245D97}.Release|Any CPU.Build.0 = Release|Any CPU
		{D45404B0-D5D1-4A4E-8DEB-1E3346348227}.Debug|Any CPU.ActiveCfg = Debug|Any CPU
		{D45404B0-D5D1-4A4E-8DEB-1E3346348227}.Debug|Any CPU.Build.0 = Debug|Any CPU
		{D45404B0-D5D1-4A4E-8DEB-1E3346348227}.Release|Any CPU.ActiveCfg = Release|Any CPU
		{D45404B0-D5D1-4A4E-8DEB-1E3346348227}.Release|Any CPU.Build.0 = Release|Any CPU
	EndGlobalSection
	GlobalSection(SolutionProperties) = preSolution
		HideSolutionNode = FALSE
	EndGlobalSection
EndGlobal
